
Microsoft Visual Studio Solution File, Format Version 12.00
# Visual Studio 2013
VisualStudioVersion = 12.0.21005.1
MinimumVisualStudioVersion = 10.0.40219.1
Project("{FAE04EC0-301F-11D3-BF4B-00C04F79EFBC}") = "AbstractDB", "AbstractFactory\AbstractDB.csproj", "{04DD867C-C1E0-4071-84BE-F6E8E9238EE1}"
EndProject
Project("{FAE04EC0-301F-11D3-BF4B-00C04F79EFBC}") = "SimpleFactoryDB", "SimpleFactoryDB\SimpleFactoryDB.csproj", "{C2180B1C-E55A-47AF-993A-D814D9F7FD97}"
EndProject
Project("{FAE04EC0-301F-11D3-BF4B-00C04F79EFBC}") = "ReflectionFactory", "ReflectionFactory\ReflectionFactory.csproj", "{4063D1B8-4DB2-417D-9864-22D456E49DEF}"
EndProject
Project("{FAE04EC0-301F-11D3-BF4B-00C04F79EFBC}") = "PizzaStore", "PizzaStore\PizzaStore.csproj", "{F5F9445B-F4D9-40FA-9BC4-DAF3873AF51D}"
EndProject
Global
	GlobalSection(SolutionConfigurationPlatforms) = preSolution
		Debug|Any CPU = Debug|Any CPU
		Release|Any CPU = Release|Any CPU
	EndGlobalSection
	GlobalSection(ProjectConfigurationPlatforms) = postSolution
		{04DD867C-C1E0-4071-84BE-F6E8E9238EE1}.Debug|Any CPU.ActiveCfg = Debug|Any CPU
		{04DD867C-C1E0-4071-84BE-F6E8E9238EE1}.Debug|Any CPU.Build.0 = Debug|Any CPU
		{04DD867C-C1E0-4071-84BE-F6E8E9238EE1}.Release|Any CPU.ActiveCfg = Release|Any CPU
		{04DD867C-C1E0-4071-84BE-F6E8E9238EE1}.Release|Any CPU.Build.0 = Release|Any CPU
		{C2180B1C-E55A-47AF-993A-D814D9F7FD97}.Debug|Any CPU.ActiveCfg = Debug|Any CPU
		{C2180B1C-E55A-47AF-993A-D814D9F7FD97}.Debug|Any CPU.Build.0 = Debug|Any CPU
		{C2180B1C-E55A-47AF-993A-D814D9F7FD97}.Release|Any CPU.ActiveCfg = Release|Any CPU
		{C2180B1C-E55A-47AF-993A-D814D9F7FD97}.Release|Any CPU.Build.0 = Release|Any CPU
		{4063D1B8-4DB2-417D-9864-22D456E49DEF}.Debug|Any CPU.ActiveCfg = Debug|Any CPU
		{4063D1B8-4DB2-417D-9864-22D456E49DEF}.Debug|Any CPU.Build.0 = Debug|Any CPU
		{4063D1B8-4DB2-417D-9864-22D456E49DEF}.Release|Any CPU.ActiveCfg = Release|Any CPU
		{4063D1B8-4DB2-417D-9864-22D456E49DEF}.Release|Any CPU.Build.0 = Release|Any CPU
		{F5F9445B-F4D9-40FA-9BC4-DAF3873AF51D}.Debug|Any CPU.ActiveCfg = Debug|Any CPU
		{F5F9445B-F4D9-40FA-9BC4-DAF3873AF51D}.Debug|Any CPU.Build.0 = Debug|Any CPU
		{F5F9445B-F4D9-40FA-9BC4-DAF3873AF51D}.Release|Any CPU.ActiveCfg = Release|Any CPU
		{F5F9445B-F4D9-40FA-9BC4-DAF3873AF51D}.Release|Any CPU.Build.0 = Release|Any CPU
	EndGlobalSection
	GlobalSection(SolutionProperties) = preSolution
		HideSolutionNode = FALSE
	EndGlobalSection
EndGlobal
