
Microsoft Visual Studio Solution File, Format Version 12.00
# Visual Studio 2013
VisualStudioVersion = 12.0.21005.1
MinimumVisualStudioVersion = 10.0.40219.1
Project("{FAE04EC0-301F-11D3-BF4B-00C04F79EFBC}") = "PushObserver", "PushObserver\PushObserver.csproj", "{57751101-2968-41A2-853C-918AA5796C49}"
EndProject
Project("{FAE04EC0-301F-11D3-BF4B-00C04F79EFBC}") = "PullObserver", "PullObserver\PullObserver.csproj", "{F6C1AAC7-A7F2-4D0E-AC65-39EC6464A101}"
EndProject
Project("{FAE04EC0-301F-11D3-BF4B-00C04F79EFBC}") = "ButtonApplayObserver", "ButtonApplayObserver\ButtonApplayObserver.csproj", "{B2D3C875-7011-4805-9306-656FA3182978}"
EndProject
Project("{FAE04EC0-301F-11D3-BF4B-00C04F79EFBC}") = "Event_CallBack", "Event_CallBack\Event_CallBack.csproj", "{B219BDB4-441F-445D-8BEC-AAED792D3ED6}"
EndProject
Global
	GlobalSection(SolutionConfigurationPlatforms) = preSolution
		Debug|Any CPU = Debug|Any CPU
		Release|Any CPU = Release|Any CPU
	EndGlobalSection
	GlobalSection(ProjectConfigurationPlatforms) = postSolution
		{57751101-2968-41A2-853C-918AA5796C49}.Debug|Any CPU.ActiveCfg = Debug|Any CPU
		{57751101-2968-41A2-853C-918AA5796C49}.Debug|Any CPU.Build.0 = Debug|Any CPU
		{57751101-2968-41A2-853C-918AA5796C49}.Release|Any CPU.ActiveCfg = Release|Any CPU
		{57751101-2968-41A2-853C-918AA5796C49}.Release|Any CPU.Build.0 = Release|Any CPU
		{F6C1AAC7-A7F2-4D0E-AC65-39EC6464A101}.Debug|Any CPU.ActiveCfg = Debug|Any CPU
		{F6C1AAC7-A7F2-4D0E-AC65-39EC6464A101}.Debug|Any CPU.Build.0 = Debug|Any CPU
		{F6C1AAC7-A7F2-4D0E-AC65-39EC6464A101}.Release|Any CPU.ActiveCfg = Release|Any CPU
		{F6C1AAC7-A7F2-4D0E-AC65-39EC6464A101}.Release|Any CPU.Build.0 = Release|Any CPU
		{B2D3C875-7011-4805-9306-656FA3182978}.Debug|Any CPU.ActiveCfg = Debug|Any CPU
		{B2D3C875-7011-4805-9306-656FA3182978}.Debug|Any CPU.Build.0 = Debug|Any CPU
		{B2D3C875-7011-4805-9306-656FA3182978}.Release|Any CPU.ActiveCfg = Release|Any CPU
		{B2D3C875-7011-4805-9306-656FA3182978}.Release|Any CPU.Build.0 = Release|Any CPU
		{B219BDB4-441F-445D-8BEC-AAED792D3ED6}.Debug|Any CPU.ActiveCfg = Debug|Any CPU
		{B219BDB4-441F-445D-8BEC-AAED792D3ED6}.Debug|Any CPU.Build.0 = Debug|Any CPU
		{B219BDB4-441F-445D-8BEC-AAED792D3ED6}.Release|Any CPU.ActiveCfg = Release|Any CPU
		{B219BDB4-441F-445D-8BEC-AAED792D3ED6}.Release|Any CPU.Build.0 = Release|Any CPU
	EndGlobalSection
	GlobalSection(SolutionProperties) = preSolution
		HideSolutionNode = FALSE
	EndGlobalSection
EndGlobal
