
Microsoft Visual Studio Solution File, Format Version 12.00
# Visual Studio 2013
VisualStudioVersion = 12.0.21005.1
MinimumVisualStudioVersion = 10.0.40219.1
Project("{FAE04EC0-301F-11D3-BF4B-00C04F79EFBC}") = "Standard", "Company\Standard.csproj", "{313D1228-0211-4279-A6FE-D8E2694C99A0}"
EndProject
Project("{FAE04EC0-301F-11D3-BF4B-00C04F79EFBC}") = "CompanyExample", "CompanyExample\CompanyExample.csproj", "{3A358F49-A55F-496B-8D30-C482F52BD6E4}"
EndProject
Project("{FAE04EC0-301F-11D3-BF4B-00C04F79EFBC}") = "MenuComponent", "MenuComponent\MenuComponent.csproj", "{2AF4FA7A-7760-4F67-8BAD-EAA18A02E0A7}"
EndProject
Project("{FAE04EC0-301F-11D3-BF4B-00C04F79EFBC}") = "MenuIterator", "MenuIterator\MenuIterator.csproj", "{65D53AD9-CF31-47D4-9B26-4EE1FA6665A3}"
EndProject
Global
	GlobalSection(SolutionConfigurationPlatforms) = preSolution
		Debug|Any CPU = Debug|Any CPU
		Release|Any CPU = Release|Any CPU
	EndGlobalSection
	GlobalSection(ProjectConfigurationPlatforms) = postSolution
		{313D1228-0211-4279-A6FE-D8E2694C99A0}.Debug|Any CPU.ActiveCfg = Debug|Any CPU
		{313D1228-0211-4279-A6FE-D8E2694C99A0}.Debug|Any CPU.Build.0 = Debug|Any CPU
		{313D1228-0211-4279-A6FE-D8E2694C99A0}.Release|Any CPU.ActiveCfg = Release|Any CPU
		{313D1228-0211-4279-A6FE-D8E2694C99A0}.Release|Any CPU.Build.0 = Release|Any CPU
		{3A358F49-A55F-496B-8D30-C482F52BD6E4}.Debug|Any CPU.ActiveCfg = Debug|Any CPU
		{3A358F49-A55F-496B-8D30-C482F52BD6E4}.Debug|Any CPU.Build.0 = Debug|Any CPU
		{3A358F49-A55F-496B-8D30-C482F52BD6E4}.Release|Any CPU.ActiveCfg = Release|Any CPU
		{3A358F49-A55F-496B-8D30-C482F52BD6E4}.Release|Any CPU.Build.0 = Release|Any CPU
		{2AF4FA7A-7760-4F67-8BAD-EAA18A02E0A7}.Debug|Any CPU.ActiveCfg = Debug|Any CPU
		{2AF4FA7A-7760-4F67-8BAD-EAA18A02E0A7}.Debug|Any CPU.Build.0 = Debug|Any CPU
		{2AF4FA7A-7760-4F67-8BAD-EAA18A02E0A7}.Release|Any CPU.ActiveCfg = Release|Any CPU
		{2AF4FA7A-7760-4F67-8BAD-EAA18A02E0A7}.Release|Any CPU.Build.0 = Release|Any CPU
		{65D53AD9-CF31-47D4-9B26-4EE1FA6665A3}.Debug|Any CPU.ActiveCfg = Debug|Any CPU
		{65D53AD9-CF31-47D4-9B26-4EE1FA6665A3}.Debug|Any CPU.Build.0 = Debug|Any CPU
		{65D53AD9-CF31-47D4-9B26-4EE1FA6665A3}.Release|Any CPU.ActiveCfg = Release|Any CPU
		{65D53AD9-CF31-47D4-9B26-4EE1FA6665A3}.Release|Any CPU.Build.0 = Release|Any CPU
	EndGlobalSection
	GlobalSection(SolutionProperties) = preSolution
		HideSolutionNode = FALSE
	EndGlobalSection
EndGlobal
